// !$*UTF8*$!
{
	archiveVersion = 1;
	classes = {
	};
	objectVersion = 46;
	objects = {

/* Begin PBXBuildFile section */
		002AE9121B8B9C4D00E552DE /* Chart.swift in Sources */ = {isa = PBXBuildFile; fileRef = 002AE90F1B8B9C4D00E552DE /* Chart.swift */; };
		002AE9131B8B9C4D00E552DE /* ChartColors.swift in Sources */ = {isa = PBXBuildFile; fileRef = 002AE9101B8B9C4D00E552DE /* ChartColors.swift */; };
		002AE9141B8B9C4D00E552DE /* ChartSeries.swift in Sources */ = {isa = PBXBuildFile; fileRef = 002AE9111B8B9C4D00E552DE /* ChartSeries.swift */; };
		080D95F71B53E2730056EC69 /* SwiftyJSON.swift in Sources */ = {isa = PBXBuildFile; fileRef = 080D95F61B53E2730056EC69 /* SwiftyJSON.swift */; };
		081879521BA7082100DD3CE7 /* RecordInfoViewController.swift in Sources */ = {isa = PBXBuildFile; fileRef = 081879511BA7082100DD3CE7 /* RecordInfoViewController.swift */; settings = {ASSET_TAGS = (); }; };
		0818795A1BA732B400DD3CE7 /* Interface.storyboard in Resources */ = {isa = PBXBuildFile; fileRef = 081879581BA732B400DD3CE7 /* Interface.storyboard */; };
		0818795C1BA732B400DD3CE7 /* Assets.xcassets in Resources */ = {isa = PBXBuildFile; fileRef = 0818795B1BA732B400DD3CE7 /* Assets.xcassets */; };
		081879631BA732B500DD3CE7 /* Rehapp WatchApp Extension.appex in Embed App Extensions */ = {isa = PBXBuildFile; fileRef = 081879621BA732B500DD3CE7 /* Rehapp WatchApp Extension.appex */; settings = {ATTRIBUTES = (RemoveHeadersOnCopy, ); }; };
		081879681BA732B500DD3CE7 /* InterfaceController.swift in Sources */ = {isa = PBXBuildFile; fileRef = 081879671BA732B500DD3CE7 /* InterfaceController.swift */; };
		0818796A1BA732B500DD3CE7 /* ExtensionDelegate.swift in Sources */ = {isa = PBXBuildFile; fileRef = 081879691BA732B500DD3CE7 /* ExtensionDelegate.swift */; };
		0818796C1BA732B500DD3CE7 /* Assets.xcassets in Resources */ = {isa = PBXBuildFile; fileRef = 0818796B1BA732B500DD3CE7 /* Assets.xcassets */; };
		081879701BA732B500DD3CE7 /* Rehapp WatchApp.app in Embed Watch Content */ = {isa = PBXBuildFile; fileRef = 081879561BA732B400DD3CE7 /* Rehapp WatchApp.app */; };
		08335C351B9F250B00F29C5B /* Record.swift in Sources */ = {isa = PBXBuildFile; fileRef = 08335C341B9F250B00F29C5B /* Record.swift */; settings = {ASSET_TAGS = (); }; };
		0859D28F1BB34B3200219683 /* SideHopsAlgorithm.swift in Sources */ = {isa = PBXBuildFile; fileRef = 0859D28E1BB34B3200219683 /* SideHopsAlgorithm.swift */; settings = {ASSET_TAGS = (); }; };
		0859D2911BB44E4400219683 /* SideHopsAlgorithmSettingsViewController.swift in Sources */ = {isa = PBXBuildFile; fileRef = 0859D2901BB44E4400219683 /* SideHopsAlgorithmSettingsViewController.swift */; settings = {ASSET_TAGS = (); }; };
		0859D2931BB44E5B00219683 /* SideHopsAlgorithmResultViewController.swift in Sources */ = {isa = PBXBuildFile; fileRef = 0859D2921BB44E5B00219683 /* SideHopsAlgorithmResultViewController.swift */; settings = {ASSET_TAGS = (); }; };
		086DC6571B418FCE00A7BAFF /* AppDelegate.swift in Sources */ = {isa = PBXBuildFile; fileRef = 086DC6561B418FCE00A7BAFF /* AppDelegate.swift */; };
		086DC65A1B418FCE00A7BAFF /* Rehapp.xcdatamodeld in Sources */ = {isa = PBXBuildFile; fileRef = 086DC6581B418FCE00A7BAFF /* Rehapp.xcdatamodeld */; };
		086DC65C1B418FCE00A7BAFF /* JumpRecordViewController.swift in Sources */ = {isa = PBXBuildFile; fileRef = 086DC65B1B418FCE00A7BAFF /* JumpRecordViewController.swift */; };
		086DC65F1B418FCE00A7BAFF /* Main.storyboard in Resources */ = {isa = PBXBuildFile; fileRef = 086DC65D1B418FCE00A7BAFF /* Main.storyboard */; };
		086DC6611B418FCE00A7BAFF /* Images.xcassets in Resources */ = {isa = PBXBuildFile; fileRef = 086DC6601B418FCE00A7BAFF /* Images.xcassets */; };
		086DC6641B418FCE00A7BAFF /* LaunchScreen.xib in Resources */ = {isa = PBXBuildFile; fileRef = 086DC6621B418FCE00A7BAFF /* LaunchScreen.xib */; };
		086DC6701B418FCF00A7BAFF /* RehappTests.swift in Sources */ = {isa = PBXBuildFile; fileRef = 086DC66F1B418FCF00A7BAFF /* RehappTests.swift */; };
		086DC6811B419C2500A7BAFF /* BLEDiscovery.m in Sources */ = {isa = PBXBuildFile; fileRef = 086DC67C1B419C2500A7BAFF /* BLEDiscovery.m */; };
		086DC6821B419C2500A7BAFF /* BLEHelper.m in Sources */ = {isa = PBXBuildFile; fileRef = 086DC67E1B419C2500A7BAFF /* BLEHelper.m */; };
		086DC6831B419C2500A7BAFF /* BLEService.m in Sources */ = {isa = PBXBuildFile; fileRef = 086DC6801B419C2500A7BAFF /* BLEService.m */; };
		086DC6861B419D2800A7BAFF /* ArduinoCommunicationManager.swift in Sources */ = {isa = PBXBuildFile; fileRef = 086DC6851B419D2800A7BAFF /* ArduinoCommunicationManager.swift */; };
		086DC6921B41A05C00A7BAFF /* SensorDataDelegate.swift in Sources */ = {isa = PBXBuildFile; fileRef = 086DC6911B41A05C00A7BAFF /* SensorDataDelegate.swift */; };
		086DC6961B41A18500A7BAFF /* SensorData.swift in Sources */ = {isa = PBXBuildFile; fileRef = 086DC6951B41A18500A7BAFF /* SensorData.swift */; };
		086DC69D1B41B18800A7BAFF /* FileHandler.swift in Sources */ = {isa = PBXBuildFile; fileRef = 086DC69C1B41B18800A7BAFF /* FileHandler.swift */; };
		08C8E74B1BB03A9600AABB7D /* OneLegHopAlgorithm.swift in Sources */ = {isa = PBXBuildFile; fileRef = 08C8E74A1BB03A9600AABB7D /* OneLegHopAlgorithm.swift */; settings = {ASSET_TAGS = (); }; };
		08C8E74D1BB05BF900AABB7D /* AlgorithmsViewController.swift in Sources */ = {isa = PBXBuildFile; fileRef = 08C8E74C1BB05BF900AABB7D /* AlgorithmsViewController.swift */; settings = {ASSET_TAGS = (); }; };
		08C8E74F1BB05E5900AABB7D /* OneLegHopAlgorithmSettingsViewController.swift in Sources */ = {isa = PBXBuildFile; fileRef = 08C8E74E1BB05E5900AABB7D /* OneLegHopAlgorithmSettingsViewController.swift */; settings = {ASSET_TAGS = (); }; };
		08C8E7511BB06B2D00AABB7D /* OneLegHopAlgorithmResultViewController.swift in Sources */ = {isa = PBXBuildFile; fileRef = 08C8E7501BB06B2D00AABB7D /* OneLegHopAlgorithmResultViewController.swift */; settings = {ASSET_TAGS = (); }; };
		08F6675A1B54309F00E66A4F /* soles.jpg in Resources */ = {isa = PBXBuildFile; fileRef = 08F667591B54309F00E66A4F /* soles.jpg */; };
		08F6675C1B54476800E66A4F /* RecordingsViewController.swift in Sources */ = {isa = PBXBuildFile; fileRef = 08F6675B1B54476800E66A4F /* RecordingsViewController.swift */; };
		08F667601B54FC5600E66A4F /* RecordingDetailViewController.swift in Sources */ = {isa = PBXBuildFile; fileRef = 08F6675F1B54FC5600E66A4F /* RecordingDetailViewController.swift */; };
/* End PBXBuildFile section */

/* Begin PBXContainerItemProxy section */
		081879641BA732B500DD3CE7 /* PBXContainerItemProxy */ = {
			isa = PBXContainerItemProxy;
			containerPortal = 086DC6491B418FCE00A7BAFF /* Project object */;
			proxyType = 1;
			remoteGlobalIDString = 081879611BA732B500DD3CE7;
			remoteInfo = "Rehapp WatchApp Extension";
		};
		0818796E1BA732B500DD3CE7 /* PBXContainerItemProxy */ = {
			isa = PBXContainerItemProxy;
			containerPortal = 086DC6491B418FCE00A7BAFF /* Project object */;
			proxyType = 1;
			remoteGlobalIDString = 081879551BA732B400DD3CE7;
			remoteInfo = "Rehapp WatchApp";
		};
		086DC66A1B418FCF00A7BAFF /* PBXContainerItemProxy */ = {
			isa = PBXContainerItemProxy;
			containerPortal = 086DC6491B418FCE00A7BAFF /* Project object */;
			proxyType = 1;
			remoteGlobalIDString = 086DC6501B418FCE00A7BAFF;
			remoteInfo = Rehapp;
		};
/* End PBXContainerItemProxy section */

/* Begin PBXCopyFilesBuildPhase section */
		081879741BA732B500DD3CE7 /* Embed App Extensions */ = {
			isa = PBXCopyFilesBuildPhase;
			buildActionMask = 2147483647;
			dstPath = "";
			dstSubfolderSpec = 13;
			files = (
				081879631BA732B500DD3CE7 /* Rehapp WatchApp Extension.appex in Embed App Extensions */,
			);
			name = "Embed App Extensions";
			runOnlyForDeploymentPostprocessing = 0;
		};
		081879781BA732B500DD3CE7 /* Embed Watch Content */ = {
			isa = PBXCopyFilesBuildPhase;
			buildActionMask = 2147483647;
			dstPath = "$(CONTENTS_FOLDER_PATH)/Watch";
			dstSubfolderSpec = 16;
			files = (
				081879701BA732B500DD3CE7 /* Rehapp WatchApp.app in Embed Watch Content */,
			);
			name = "Embed Watch Content";
			runOnlyForDeploymentPostprocessing = 0;
		};
/* End PBXCopyFilesBuildPhase section */

/* Begin PBXFileReference section */
		002AE90F1B8B9C4D00E552DE /* Chart.swift */ = {isa = PBXFileReference; fileEncoding = 4; lastKnownFileType = sourcecode.swift; path = Chart.swift; sourceTree = "<group>"; };
		002AE9101B8B9C4D00E552DE /* ChartColors.swift */ = {isa = PBXFileReference; fileEncoding = 4; lastKnownFileType = sourcecode.swift; path = ChartColors.swift; sourceTree = "<group>"; };
		002AE9111B8B9C4D00E552DE /* ChartSeries.swift */ = {isa = PBXFileReference; fileEncoding = 4; lastKnownFileType = sourcecode.swift; path = ChartSeries.swift; sourceTree = "<group>"; };
		080D95F61B53E2730056EC69 /* SwiftyJSON.swift */ = {isa = PBXFileReference; fileEncoding = 4; lastKnownFileType = sourcecode.swift; path = SwiftyJSON.swift; sourceTree = "<group>"; };
		081879511BA7082100DD3CE7 /* RecordInfoViewController.swift */ = {isa = PBXFileReference; fileEncoding = 4; lastKnownFileType = sourcecode.swift; path = RecordInfoViewController.swift; sourceTree = "<group>"; };
		081879561BA732B400DD3CE7 /* Rehapp WatchApp.app */ = {isa = PBXFileReference; explicitFileType = wrapper.application; includeInIndex = 0; path = "Rehapp WatchApp.app"; sourceTree = BUILT_PRODUCTS_DIR; };
		081879591BA732B400DD3CE7 /* Base */ = {isa = PBXFileReference; lastKnownFileType = file.storyboard; name = Base; path = Base.lproj/Interface.storyboard; sourceTree = "<group>"; };
		0818795B1BA732B400DD3CE7 /* Assets.xcassets */ = {isa = PBXFileReference; lastKnownFileType = folder.assetcatalog; path = Assets.xcassets; sourceTree = "<group>"; };
		0818795D1BA732B400DD3CE7 /* Info.plist */ = {isa = PBXFileReference; lastKnownFileType = text.plist.xml; path = Info.plist; sourceTree = "<group>"; };
		081879621BA732B500DD3CE7 /* Rehapp WatchApp Extension.appex */ = {isa = PBXFileReference; explicitFileType = "wrapper.app-extension"; includeInIndex = 0; path = "Rehapp WatchApp Extension.appex"; sourceTree = BUILT_PRODUCTS_DIR; };
		081879671BA732B500DD3CE7 /* InterfaceController.swift */ = {isa = PBXFileReference; lastKnownFileType = sourcecode.swift; path = InterfaceController.swift; sourceTree = "<group>"; };
		081879691BA732B500DD3CE7 /* ExtensionDelegate.swift */ = {isa = PBXFileReference; lastKnownFileType = sourcecode.swift; path = ExtensionDelegate.swift; sourceTree = "<group>"; };
		0818796B1BA732B500DD3CE7 /* Assets.xcassets */ = {isa = PBXFileReference; lastKnownFileType = folder.assetcatalog; path = Assets.xcassets; sourceTree = "<group>"; };
		0818796D1BA732B500DD3CE7 /* Info.plist */ = {isa = PBXFileReference; lastKnownFileType = text.plist.xml; path = Info.plist; sourceTree = "<group>"; };
		08335C341B9F250B00F29C5B /* Record.swift */ = {isa = PBXFileReference; fileEncoding = 4; lastKnownFileType = sourcecode.swift; path = Record.swift; sourceTree = "<group>"; };
		0859D28E1BB34B3200219683 /* SideHopsAlgorithm.swift */ = {isa = PBXFileReference; fileEncoding = 4; lastKnownFileType = sourcecode.swift; path = SideHopsAlgorithm.swift; sourceTree = "<group>"; };
		0859D2901BB44E4400219683 /* SideHopsAlgorithmSettingsViewController.swift */ = {isa = PBXFileReference; fileEncoding = 4; lastKnownFileType = sourcecode.swift; path = SideHopsAlgorithmSettingsViewController.swift; sourceTree = "<group>"; };
		0859D2921BB44E5B00219683 /* SideHopsAlgorithmResultViewController.swift */ = {isa = PBXFileReference; fileEncoding = 4; lastKnownFileType = sourcecode.swift; path = SideHopsAlgorithmResultViewController.swift; sourceTree = "<group>"; };
		086DC6511B418FCE00A7BAFF /* Rehapp.app */ = {isa = PBXFileReference; explicitFileType = wrapper.application; includeInIndex = 0; path = Rehapp.app; sourceTree = BUILT_PRODUCTS_DIR; };
		086DC6551B418FCE00A7BAFF /* Info.plist */ = {isa = PBXFileReference; lastKnownFileType = text.plist.xml; path = Info.plist; sourceTree = "<group>"; };
		086DC6561B418FCE00A7BAFF /* AppDelegate.swift */ = {isa = PBXFileReference; lastKnownFileType = sourcecode.swift; path = AppDelegate.swift; sourceTree = "<group>"; };
		086DC6591B418FCE00A7BAFF /* Rehapp.xcdatamodel */ = {isa = PBXFileReference; lastKnownFileType = wrapper.xcdatamodel; path = Rehapp.xcdatamodel; sourceTree = "<group>"; };
		086DC65B1B418FCE00A7BAFF /* JumpRecordViewController.swift */ = {isa = PBXFileReference; lastKnownFileType = sourcecode.swift; path = JumpRecordViewController.swift; sourceTree = "<group>"; };
		086DC65E1B418FCE00A7BAFF /* Base */ = {isa = PBXFileReference; lastKnownFileType = file.storyboard; name = Base; path = Base.lproj/Main.storyboard; sourceTree = "<group>"; };
		086DC6601B418FCE00A7BAFF /* Images.xcassets */ = {isa = PBXFileReference; lastKnownFileType = folder.assetcatalog; path = Images.xcassets; sourceTree = "<group>"; };
		086DC6631B418FCE00A7BAFF /* Base */ = {isa = PBXFileReference; lastKnownFileType = file.xib; name = Base; path = Base.lproj/LaunchScreen.xib; sourceTree = "<group>"; };
		086DC6691B418FCE00A7BAFF /* RehappTests.xctest */ = {isa = PBXFileReference; explicitFileType = wrapper.cfbundle; includeInIndex = 0; path = RehappTests.xctest; sourceTree = BUILT_PRODUCTS_DIR; };
		086DC66E1B418FCF00A7BAFF /* Info.plist */ = {isa = PBXFileReference; lastKnownFileType = text.plist.xml; path = Info.plist; sourceTree = "<group>"; };
		086DC66F1B418FCF00A7BAFF /* RehappTests.swift */ = {isa = PBXFileReference; lastKnownFileType = sourcecode.swift; path = RehappTests.swift; sourceTree = "<group>"; };
		086DC6791B419C2400A7BAFF /* Rehapp-Bridging-Header.h */ = {isa = PBXFileReference; lastKnownFileType = sourcecode.c.h; path = "Rehapp-Bridging-Header.h"; sourceTree = "<group>"; };
		086DC67A1B419C2500A7BAFF /* BLE.h */ = {isa = PBXFileReference; fileEncoding = 4; lastKnownFileType = sourcecode.c.h; path = BLE.h; sourceTree = "<group>"; };
		086DC67B1B419C2500A7BAFF /* BLEDiscovery.h */ = {isa = PBXFileReference; fileEncoding = 4; lastKnownFileType = sourcecode.c.h; path = BLEDiscovery.h; sourceTree = "<group>"; };
		086DC67C1B419C2500A7BAFF /* BLEDiscovery.m */ = {isa = PBXFileReference; fileEncoding = 4; lastKnownFileType = sourcecode.c.objc; path = BLEDiscovery.m; sourceTree = "<group>"; };
		086DC67D1B419C2500A7BAFF /* BLEHelper.h */ = {isa = PBXFileReference; fileEncoding = 4; lastKnownFileType = sourcecode.c.h; path = BLEHelper.h; sourceTree = "<group>"; };
		086DC67E1B419C2500A7BAFF /* BLEHelper.m */ = {isa = PBXFileReference; fileEncoding = 4; lastKnownFileType = sourcecode.c.objc; path = BLEHelper.m; sourceTree = "<group>"; };
		086DC67F1B419C2500A7BAFF /* BLEService.h */ = {isa = PBXFileReference; fileEncoding = 4; lastKnownFileType = sourcecode.c.h; path = BLEService.h; sourceTree = "<group>"; };
		086DC6801B419C2500A7BAFF /* BLEService.m */ = {isa = PBXFileReference; fileEncoding = 4; lastKnownFileType = sourcecode.c.objc; path = BLEService.m; sourceTree = "<group>"; };
		086DC6851B419D2800A7BAFF /* ArduinoCommunicationManager.swift */ = {isa = PBXFileReference; fileEncoding = 4; lastKnownFileType = sourcecode.swift; path = ArduinoCommunicationManager.swift; sourceTree = "<group>"; };
		086DC6911B41A05C00A7BAFF /* SensorDataDelegate.swift */ = {isa = PBXFileReference; fileEncoding = 4; lastKnownFileType = sourcecode.swift; path = SensorDataDelegate.swift; sourceTree = "<group>"; };
		086DC6951B41A18500A7BAFF /* SensorData.swift */ = {isa = PBXFileReference; fileEncoding = 4; lastKnownFileType = sourcecode.swift; path = SensorData.swift; sourceTree = "<group>"; };
		086DC6991B41B16000A7BAFF /* SwiftyJSON.h */ = {isa = PBXFileReference; fileEncoding = 4; lastKnownFileType = sourcecode.c.h; path = SwiftyJSON.h; sourceTree = "<group>"; };
		086DC69C1B41B18800A7BAFF /* FileHandler.swift */ = {isa = PBXFileReference; fileEncoding = 4; lastKnownFileType = sourcecode.swift; path = FileHandler.swift; sourceTree = "<group>"; };
		08C8E74A1BB03A9600AABB7D /* OneLegHopAlgorithm.swift */ = {isa = PBXFileReference; fileEncoding = 4; lastKnownFileType = sourcecode.swift; path = OneLegHopAlgorithm.swift; sourceTree = "<group>"; };
		08C8E74C1BB05BF900AABB7D /* AlgorithmsViewController.swift */ = {isa = PBXFileReference; fileEncoding = 4; lastKnownFileType = sourcecode.swift; path = AlgorithmsViewController.swift; sourceTree = "<group>"; };
		08C8E74E1BB05E5900AABB7D /* OneLegHopAlgorithmSettingsViewController.swift */ = {isa = PBXFileReference; fileEncoding = 4; lastKnownFileType = sourcecode.swift; path = OneLegHopAlgorithmSettingsViewController.swift; sourceTree = "<group>"; };
		08C8E7501BB06B2D00AABB7D /* OneLegHopAlgorithmResultViewController.swift */ = {isa = PBXFileReference; fileEncoding = 4; lastKnownFileType = sourcecode.swift; path = OneLegHopAlgorithmResultViewController.swift; sourceTree = "<group>"; };
		08F667591B54309F00E66A4F /* soles.jpg */ = {isa = PBXFileReference; lastKnownFileType = image.jpeg; path = soles.jpg; sourceTree = "<group>"; };
		08F6675B1B54476800E66A4F /* RecordingsViewController.swift */ = {isa = PBXFileReference; fileEncoding = 4; lastKnownFileType = sourcecode.swift; path = RecordingsViewController.swift; sourceTree = "<group>"; };
		08F6675F1B54FC5600E66A4F /* RecordingDetailViewController.swift */ = {isa = PBXFileReference; fileEncoding = 4; lastKnownFileType = sourcecode.swift; path = RecordingDetailViewController.swift; sourceTree = "<group>"; };
/* End PBXFileReference section */

/* Begin PBXFrameworksBuildPhase section */
		0818795F1BA732B500DD3CE7 /* Frameworks */ = {
			isa = PBXFrameworksBuildPhase;
			buildActionMask = 2147483647;
			files = (
			);
			runOnlyForDeploymentPostprocessing = 0;
		};
		086DC64E1B418FCE00A7BAFF /* Frameworks */ = {
			isa = PBXFrameworksBuildPhase;
			buildActionMask = 2147483647;
			files = (
			);
			runOnlyForDeploymentPostprocessing = 0;
		};
		086DC6661B418FCE00A7BAFF /* Frameworks */ = {
			isa = PBXFrameworksBuildPhase;
			buildActionMask = 2147483647;
			files = (
			);
			runOnlyForDeploymentPostprocessing = 0;
		};
/* End PBXFrameworksBuildPhase section */

/* Begin PBXGroup section */
		002AE90E1B8B9C4D00E552DE /* Chart */ = {
			isa = PBXGroup;
			children = (
				002AE90F1B8B9C4D00E552DE /* Chart.swift */,
				002AE9101B8B9C4D00E552DE /* ChartColors.swift */,
				002AE9111B8B9C4D00E552DE /* ChartSeries.swift */,
			);
			path = Chart;
			sourceTree = "<group>";
		};
		080D95F41B53B39A0056EC69 /* SwiftyJSON */ = {
			isa = PBXGroup;
			children = (
				086DC6991B41B16000A7BAFF /* SwiftyJSON.h */,
				080D95F61B53E2730056EC69 /* SwiftyJSON.swift */,
			);
			name = SwiftyJSON;
			sourceTree = "<group>";
		};
		080D95F51B53B5FA0056EC69 /* View Controller */ = {
			isa = PBXGroup;
			children = (
				086DC65B1B418FCE00A7BAFF /* JumpRecordViewController.swift */,
				08F6675B1B54476800E66A4F /* RecordingsViewController.swift */,
				08F6675F1B54FC5600E66A4F /* RecordingDetailViewController.swift */,
				081879511BA7082100DD3CE7 /* RecordInfoViewController.swift */,
				08C8E74C1BB05BF900AABB7D /* AlgorithmsViewController.swift */,
				08C8E74E1BB05E5900AABB7D /* OneLegHopAlgorithmSettingsViewController.swift */,
				08C8E7501BB06B2D00AABB7D /* OneLegHopAlgorithmResultViewController.swift */,
				0859D2901BB44E4400219683 /* SideHopsAlgorithmSettingsViewController.swift */,
				0859D2921BB44E5B00219683 /* SideHopsAlgorithmResultViewController.swift */,
			);
			name = "View Controller";
			sourceTree = "<group>";
		};
		081879531BA7314A00DD3CE7 /* Model */ = {
			isa = PBXGroup;
			children = (
				08335C341B9F250B00F29C5B /* Record.swift */,
				086DC6951B41A18500A7BAFF /* SensorData.swift */,
			);
			name = Model;
			sourceTree = "<group>";
		};
		081879571BA732B400DD3CE7 /* Rehapp WatchApp */ = {
			isa = PBXGroup;
			children = (
				081879581BA732B400DD3CE7 /* Interface.storyboard */,
				0818795B1BA732B400DD3CE7 /* Assets.xcassets */,
				0818795D1BA732B400DD3CE7 /* Info.plist */,
			);
			path = "Rehapp WatchApp";
			sourceTree = "<group>";
		};
		081879661BA732B500DD3CE7 /* Rehapp WatchApp Extension */ = {
			isa = PBXGroup;
			children = (
				081879671BA732B500DD3CE7 /* InterfaceController.swift */,
				081879691BA732B500DD3CE7 /* ExtensionDelegate.swift */,
				0818796B1BA732B500DD3CE7 /* Assets.xcassets */,
				0818796D1BA732B500DD3CE7 /* Info.plist */,
			);
			path = "Rehapp WatchApp Extension";
			sourceTree = "<group>";
		};
		086DC6481B418FCE00A7BAFF = {
			isa = PBXGroup;
			children = (
				086DC6531B418FCE00A7BAFF /* Rehapp */,
				086DC66C1B418FCF00A7BAFF /* RehappTests */,
				081879571BA732B400DD3CE7 /* Rehapp WatchApp */,
				081879661BA732B500DD3CE7 /* Rehapp WatchApp Extension */,
				086DC6521B418FCE00A7BAFF /* Products */,
			);
			sourceTree = "<group>";
		};
		086DC6521B418FCE00A7BAFF /* Products */ = {
			isa = PBXGroup;
			children = (
				086DC6511B418FCE00A7BAFF /* Rehapp.app */,
				086DC6691B418FCE00A7BAFF /* RehappTests.xctest */,
				081879561BA732B400DD3CE7 /* Rehapp WatchApp.app */,
				081879621BA732B500DD3CE7 /* Rehapp WatchApp Extension.appex */,
			);
			name = Products;
			sourceTree = "<group>";
		};
		086DC6531B418FCE00A7BAFF /* Rehapp */ = {
			isa = PBXGroup;
			children = (
				002AE90E1B8B9C4D00E552DE /* Chart */,
				080D95F41B53B39A0056EC69 /* SwiftyJSON */,
				086DC6841B419C3400A7BAFF /* BLE */,
				080D95F51B53B5FA0056EC69 /* View Controller */,
				086DC6851B419D2800A7BAFF /* ArduinoCommunicationManager.swift */,
				086DC6911B41A05C00A7BAFF /* SensorDataDelegate.swift */,
				08C8E74A1BB03A9600AABB7D /* OneLegHopAlgorithm.swift */,
				0859D28E1BB34B3200219683 /* SideHopsAlgorithm.swift */,
				086DC69C1B41B18800A7BAFF /* FileHandler.swift */,
				081879531BA7314A00DD3CE7 /* Model */,
				086DC6561B418FCE00A7BAFF /* AppDelegate.swift */,
				086DC6601B418FCE00A7BAFF /* Images.xcassets */,
				086DC65D1B418FCE00A7BAFF /* Main.storyboard */,
				086DC6621B418FCE00A7BAFF /* LaunchScreen.xib */,
				086DC6581B418FCE00A7BAFF /* Rehapp.xcdatamodeld */,
				086DC6541B418FCE00A7BAFF /* Supporting Files */,
				086DC6791B419C2400A7BAFF /* Rehapp-Bridging-Header.h */,
			);
			path = Rehapp;
			sourceTree = "<group>";
		};
		086DC6541B418FCE00A7BAFF /* Supporting Files */ = {
			isa = PBXGroup;
			children = (
				08F667591B54309F00E66A4F /* soles.jpg */,
				086DC6551B418FCE00A7BAFF /* Info.plist */,
			);
			name = "Supporting Files";
			sourceTree = "<group>";
		};
		086DC66C1B418FCF00A7BAFF /* RehappTests */ = {
			isa = PBXGroup;
			children = (
				086DC66F1B418FCF00A7BAFF /* RehappTests.swift */,
				086DC66D1B418FCF00A7BAFF /* Supporting Files */,
			);
			path = RehappTests;
			sourceTree = "<group>";
		};
		086DC66D1B418FCF00A7BAFF /* Supporting Files */ = {
			isa = PBXGroup;
			children = (
				086DC66E1B418FCF00A7BAFF /* Info.plist */,
			);
			name = "Supporting Files";
			sourceTree = "<group>";
		};
		086DC6841B419C3400A7BAFF /* BLE */ = {
			isa = PBXGroup;
			children = (
				086DC67A1B419C2500A7BAFF /* BLE.h */,
				086DC67B1B419C2500A7BAFF /* BLEDiscovery.h */,
				086DC67C1B419C2500A7BAFF /* BLEDiscovery.m */,
				086DC67D1B419C2500A7BAFF /* BLEHelper.h */,
				086DC67E1B419C2500A7BAFF /* BLEHelper.m */,
				086DC67F1B419C2500A7BAFF /* BLEService.h */,
				086DC6801B419C2500A7BAFF /* BLEService.m */,
			);
			name = BLE;
			sourceTree = "<group>";
		};
/* End PBXGroup section */

/* Begin PBXNativeTarget section */
		081879551BA732B400DD3CE7 /* Rehapp WatchApp */ = {
			isa = PBXNativeTarget;
			buildConfigurationList = 081879751BA732B500DD3CE7 /* Build configuration list for PBXNativeTarget "Rehapp WatchApp" */;
			buildPhases = (
				081879541BA732B400DD3CE7 /* Resources */,
				081879741BA732B500DD3CE7 /* Embed App Extensions */,
			);
			buildRules = (
			);
			dependencies = (
				081879651BA732B500DD3CE7 /* PBXTargetDependency */,
			);
			name = "Rehapp WatchApp";
			productName = "Rehapp WatchApp";
			productReference = 081879561BA732B400DD3CE7 /* Rehapp WatchApp.app */;
			productType = "com.apple.product-type.application.watchapp2";
		};
		081879611BA732B500DD3CE7 /* Rehapp WatchApp Extension */ = {
			isa = PBXNativeTarget;
			buildConfigurationList = 081879711BA732B500DD3CE7 /* Build configuration list for PBXNativeTarget "Rehapp WatchApp Extension" */;
			buildPhases = (
				0818795E1BA732B500DD3CE7 /* Sources */,
				0818795F1BA732B500DD3CE7 /* Frameworks */,
				081879601BA732B500DD3CE7 /* Resources */,
			);
			buildRules = (
			);
			dependencies = (
			);
			name = "Rehapp WatchApp Extension";
			productName = "Rehapp WatchApp Extension";
			productReference = 081879621BA732B500DD3CE7 /* Rehapp WatchApp Extension.appex */;
			productType = "com.apple.product-type.watchkit2-extension";
		};
		086DC6501B418FCE00A7BAFF /* Rehapp */ = {
			isa = PBXNativeTarget;
			buildConfigurationList = 086DC6731B418FCF00A7BAFF /* Build configuration list for PBXNativeTarget "Rehapp" */;
			buildPhases = (
				086DC64D1B418FCE00A7BAFF /* Sources */,
				086DC64E1B418FCE00A7BAFF /* Frameworks */,
				086DC64F1B418FCE00A7BAFF /* Resources */,
				081879781BA732B500DD3CE7 /* Embed Watch Content */,
			);
			buildRules = (
			);
			dependencies = (
				0818796F1BA732B500DD3CE7 /* PBXTargetDependency */,
			);
			name = Rehapp;
			productName = Rehapp;
			productReference = 086DC6511B418FCE00A7BAFF /* Rehapp.app */;
			productType = "com.apple.product-type.application";
		};
		086DC6681B418FCE00A7BAFF /* RehappTests */ = {
			isa = PBXNativeTarget;
			buildConfigurationList = 086DC6761B418FCF00A7BAFF /* Build configuration list for PBXNativeTarget "RehappTests" */;
			buildPhases = (
				086DC6651B418FCE00A7BAFF /* Sources */,
				086DC6661B418FCE00A7BAFF /* Frameworks */,
				086DC6671B418FCE00A7BAFF /* Resources */,
			);
			buildRules = (
			);
			dependencies = (
				086DC66B1B418FCF00A7BAFF /* PBXTargetDependency */,
			);
			name = RehappTests;
			productName = RehappTests;
			productReference = 086DC6691B418FCE00A7BAFF /* RehappTests.xctest */;
			productType = "com.apple.product-type.bundle.unit-test";
		};
/* End PBXNativeTarget section */

/* Begin PBXProject section */
		086DC6491B418FCE00A7BAFF /* Project object */ = {
			isa = PBXProject;
			attributes = {
				LastSwiftMigration = 0700;
				LastSwiftUpdateCheck = 0700;
				LastUpgradeCheck = 0700;
				ORGANIZATIONNAME = "Tim Haug";
				TargetAttributes = {
					081879551BA732B400DD3CE7 = {
						CreatedOnToolsVersion = 7.0;
					};
					081879611BA732B500DD3CE7 = {
						CreatedOnToolsVersion = 7.0;
					};
					086DC6501B418FCE00A7BAFF = {
						CreatedOnToolsVersion = 6.3.2;
					};
					086DC6681B418FCE00A7BAFF = {
						CreatedOnToolsVersion = 6.3.2;
						TestTargetID = 086DC6501B418FCE00A7BAFF;
					};
				};
			};
			buildConfigurationList = 086DC64C1B418FCE00A7BAFF /* Build configuration list for PBXProject "Rehapp" */;
			compatibilityVersion = "Xcode 3.2";
			developmentRegion = English;
			hasScannedForEncodings = 0;
			knownRegions = (
				en,
				Base,
			);
			mainGroup = 086DC6481B418FCE00A7BAFF;
			productRefGroup = 086DC6521B418FCE00A7BAFF /* Products */;
			projectDirPath = "";
			projectRoot = "";
			targets = (
				086DC6501B418FCE00A7BAFF /* Rehapp */,
				086DC6681B418FCE00A7BAFF /* RehappTests */,
				081879551BA732B400DD3CE7 /* Rehapp WatchApp */,
				081879611BA732B500DD3CE7 /* Rehapp WatchApp Extension */,
			);
		};
/* End PBXProject section */

/* Begin PBXResourcesBuildPhase section */
		081879541BA732B400DD3CE7 /* Resources */ = {
			isa = PBXResourcesBuildPhase;
			buildActionMask = 2147483647;
			files = (
				0818795C1BA732B400DD3CE7 /* Assets.xcassets in Resources */,
				0818795A1BA732B400DD3CE7 /* Interface.storyboard in Resources */,
			);
			runOnlyForDeploymentPostprocessing = 0;
		};
		081879601BA732B500DD3CE7 /* Resources */ = {
			isa = PBXResourcesBuildPhase;
			buildActionMask = 2147483647;
			files = (
				0818796C1BA732B500DD3CE7 /* Assets.xcassets in Resources */,
			);
			runOnlyForDeploymentPostprocessing = 0;
		};
		086DC64F1B418FCE00A7BAFF /* Resources */ = {
			isa = PBXResourcesBuildPhase;
			buildActionMask = 2147483647;
			files = (
				086DC65F1B418FCE00A7BAFF /* Main.storyboard in Resources */,
				08F6675A1B54309F00E66A4F /* soles.jpg in Resources */,
				086DC6641B418FCE00A7BAFF /* LaunchScreen.xib in Resources */,
				086DC6611B418FCE00A7BAFF /* Images.xcassets in Resources */,
			);
			runOnlyForDeploymentPostprocessing = 0;
		};
		086DC6671B418FCE00A7BAFF /* Resources */ = {
			isa = PBXResourcesBuildPhase;
			buildActionMask = 2147483647;
			files = (
			);
			runOnlyForDeploymentPostprocessing = 0;
		};
/* End PBXResourcesBuildPhase section */

/* Begin PBXSourcesBuildPhase section */
		0818795E1BA732B500DD3CE7 /* Sources */ = {
			isa = PBXSourcesBuildPhase;
			buildActionMask = 2147483647;
			files = (
				0818796A1BA732B500DD3CE7 /* ExtensionDelegate.swift in Sources */,
				081879681BA732B500DD3CE7 /* InterfaceController.swift in Sources */,
			);
			runOnlyForDeploymentPostprocessing = 0;
		};
		086DC64D1B418FCE00A7BAFF /* Sources */ = {
			isa = PBXSourcesBuildPhase;
			buildActionMask = 2147483647;
			files = (
				086DC6821B419C2500A7BAFF /* BLEHelper.m in Sources */,
				08C8E7511BB06B2D00AABB7D /* OneLegHopAlgorithmResultViewController.swift in Sources */,
				08C8E74B1BB03A9600AABB7D /* OneLegHopAlgorithm.swift in Sources */,
				08C8E74D1BB05BF900AABB7D /* AlgorithmsViewController.swift in Sources */,
				081879521BA7082100DD3CE7 /* RecordInfoViewController.swift in Sources */,
				086DC6811B419C2500A7BAFF /* BLEDiscovery.m in Sources */,
				086DC6921B41A05C00A7BAFF /* SensorDataDelegate.swift in Sources */,
				080D95F71B53E2730056EC69 /* SwiftyJSON.swift in Sources */,
				086DC6861B419D2800A7BAFF /* ArduinoCommunicationManager.swift in Sources */,
				0859D2931BB44E5B00219683 /* SideHopsAlgorithmResultViewController.swift in Sources */,
				086DC65C1B418FCE00A7BAFF /* JumpRecordViewController.swift in Sources */,
				08C8E74F1BB05E5900AABB7D /* OneLegHopAlgorithmSettingsViewController.swift in Sources */,
				086DC69D1B41B18800A7BAFF /* FileHandler.swift in Sources */,
				086DC6831B419C2500A7BAFF /* BLEService.m in Sources */,
				002AE9121B8B9C4D00E552DE /* Chart.swift in Sources */,
				002AE9141B8B9C4D00E552DE /* ChartSeries.swift in Sources */,
				08F6675C1B54476800E66A4F /* RecordingsViewController.swift in Sources */,
				08F667601B54FC5600E66A4F /* RecordingDetailViewController.swift in Sources */,
				086DC6571B418FCE00A7BAFF /* AppDelegate.swift in Sources */,
				086DC65A1B418FCE00A7BAFF /* Rehapp.xcdatamodeld in Sources */,
				0859D28F1BB34B3200219683 /* SideHopsAlgorithm.swift in Sources */,
				086DC6961B41A18500A7BAFF /* SensorData.swift in Sources */,
				08335C351B9F250B00F29C5B /* Record.swift in Sources */,
				0859D2911BB44E4400219683 /* SideHopsAlgorithmSettingsViewController.swift in Sources */,
				002AE9131B8B9C4D00E552DE /* ChartColors.swift in Sources */,
			);
			runOnlyForDeploymentPostprocessing = 0;
		};
		086DC6651B418FCE00A7BAFF /* Sources */ = {
			isa = PBXSourcesBuildPhase;
			buildActionMask = 2147483647;
			files = (
				086DC6701B418FCF00A7BAFF /* RehappTests.swift in Sources */,
			);
			runOnlyForDeploymentPostprocessing = 0;
		};
/* End PBXSourcesBuildPhase section */

/* Begin PBXTargetDependency section */
		081879651BA732B500DD3CE7 /* PBXTargetDependency */ = {
			isa = PBXTargetDependency;
			target = 081879611BA732B500DD3CE7 /* Rehapp WatchApp Extension */;
			targetProxy = 081879641BA732B500DD3CE7 /* PBXContainerItemProxy */;
		};
		0818796F1BA732B500DD3CE7 /* PBXTargetDependency */ = {
			isa = PBXTargetDependency;
			target = 081879551BA732B400DD3CE7 /* Rehapp WatchApp */;
			targetProxy = 0818796E1BA732B500DD3CE7 /* PBXContainerItemProxy */;
		};
		086DC66B1B418FCF00A7BAFF /* PBXTargetDependency */ = {
			isa = PBXTargetDependency;
			target = 086DC6501B418FCE00A7BAFF /* Rehapp */;
			targetProxy = 086DC66A1B418FCF00A7BAFF /* PBXContainerItemProxy */;
		};
/* End PBXTargetDependency section */

/* Begin PBXVariantGroup section */
		081879581BA732B400DD3CE7 /* Interface.storyboard */ = {
			isa = PBXVariantGroup;
			children = (
				081879591BA732B400DD3CE7 /* Base */,
			);
			name = Interface.storyboard;
			sourceTree = "<group>";
		};
		086DC65D1B418FCE00A7BAFF /* Main.storyboard */ = {
			isa = PBXVariantGroup;
			children = (
				086DC65E1B418FCE00A7BAFF /* Base */,
			);
			name = Main.storyboard;
			sourceTree = "<group>";
		};
		086DC6621B418FCE00A7BAFF /* LaunchScreen.xib */ = {
			isa = PBXVariantGroup;
			children = (
				086DC6631B418FCE00A7BAFF /* Base */,
			);
			name = LaunchScreen.xib;
			sourceTree = "<group>";
		};
/* End PBXVariantGroup section */

/* Begin XCBuildConfiguration section */
		081879721BA732B500DD3CE7 /* Debug */ = {
			isa = XCBuildConfiguration;
			buildSettings = {
				DEBUG_INFORMATION_FORMAT = dwarf;
				INFOPLIST_FILE = "Rehapp WatchApp Extension/Info.plist";
				LD_RUNPATH_SEARCH_PATHS = "$(inherited) @executable_path/Frameworks @executable_path/../../Frameworks";
				PRODUCT_BUNDLE_IDENTIFIER = TH.Rehapp.watchkitapp.watchkitextension;
				PRODUCT_NAME = "${TARGET_NAME}";
				SDKROOT = watchos;
				SKIP_INSTALL = YES;
				TARGETED_DEVICE_FAMILY = 4;
				WATCHOS_DEPLOYMENT_TARGET = 2.0;
			};
			name = Debug;
		};
		081879731BA732B500DD3CE7 /* Release */ = {
			isa = XCBuildConfiguration;
			buildSettings = {
				INFOPLIST_FILE = "Rehapp WatchApp Extension/Info.plist";
				LD_RUNPATH_SEARCH_PATHS = "$(inherited) @executable_path/Frameworks @executable_path/../../Frameworks";
				PRODUCT_BUNDLE_IDENTIFIER = TH.Rehapp.watchkitapp.watchkitextension;
				PRODUCT_NAME = "${TARGET_NAME}";
				SDKROOT = watchos;
				SKIP_INSTALL = YES;
				TARGETED_DEVICE_FAMILY = 4;
				WATCHOS_DEPLOYMENT_TARGET = 2.0;
			};
			name = Release;
		};
		081879761BA732B500DD3CE7 /* Debug */ = {
			isa = XCBuildConfiguration;
			buildSettings = {
				ASSETCATALOG_COMPILER_APPICON_NAME = AppIcon;
				DEBUG_INFORMATION_FORMAT = dwarf;
				EMBEDDED_CONTENT_CONTAINS_SWIFT = YES;
				IBSC_MODULE = Rehapp_WatchApp_Extension;
				INFOPLIST_FILE = "Rehapp WatchApp/Info.plist";
				PRODUCT_BUNDLE_IDENTIFIER = TH.Rehapp.watchkitapp;
				PRODUCT_NAME = "$(TARGET_NAME)";
				SDKROOT = watchos;
				SKIP_INSTALL = YES;
				TARGETED_DEVICE_FAMILY = 4;
				WATCHOS_DEPLOYMENT_TARGET = 2.0;
			};
			name = Debug;
		};
		081879771BA732B500DD3CE7 /* Release */ = {
			isa = XCBuildConfiguration;
			buildSettings = {
				ASSETCATALOG_COMPILER_APPICON_NAME = AppIcon;
				EMBEDDED_CONTENT_CONTAINS_SWIFT = YES;
				IBSC_MODULE = Rehapp_WatchApp_Extension;
				INFOPLIST_FILE = "Rehapp WatchApp/Info.plist";
				PRODUCT_BUNDLE_IDENTIFIER = TH.Rehapp.watchkitapp;
				PRODUCT_NAME = "$(TARGET_NAME)";
				SDKROOT = watchos;
				SKIP_INSTALL = YES;
				TARGETED_DEVICE_FAMILY = 4;
				WATCHOS_DEPLOYMENT_TARGET = 2.0;
			};
			name = Release;
		};
		086DC6711B418FCF00A7BAFF /* Debug */ = {
			isa = XCBuildConfiguration;
			buildSettings = {
				ALWAYS_SEARCH_USER_PATHS = NO;
				CLANG_CXX_LANGUAGE_STANDARD = "gnu++0x";
				CLANG_CXX_LIBRARY = "libc++";
				CLANG_ENABLE_MODULES = YES;
				CLANG_ENABLE_OBJC_ARC = YES;
				CLANG_WARN_BOOL_CONVERSION = YES;
				CLANG_WARN_CONSTANT_CONVERSION = YES;
				CLANG_WARN_DIRECT_OBJC_ISA_USAGE = YES_ERROR;
				CLANG_WARN_EMPTY_BODY = YES;
				CLANG_WARN_ENUM_CONVERSION = YES;
				CLANG_WARN_INT_CONVERSION = YES;
				CLANG_WARN_OBJC_ROOT_CLASS = YES_ERROR;
				CLANG_WARN_UNREACHABLE_CODE = YES;
				CLANG_WARN__DUPLICATE_METHOD_MATCH = YES;
				"CODE_SIGN_IDENTITY[sdk=iphoneos*]" = "iPhone Developer";
				COPY_PHASE_STRIP = NO;
				DEBUG_INFORMATION_FORMAT = "dwarf-with-dsym";
				ENABLE_STRICT_OBJC_MSGSEND = YES;
				ENABLE_TESTABILITY = YES;
				GCC_C_LANGUAGE_STANDARD = gnu99;
				GCC_DYNAMIC_NO_PIC = NO;
				GCC_NO_COMMON_BLOCKS = YES;
				GCC_OPTIMIZATION_LEVEL = 0;
				GCC_PREPROCESSOR_DEFINITIONS = (
					"DEBUG=1",
					"$(inherited)",
				);
				GCC_SYMBOLS_PRIVATE_EXTERN = NO;
				GCC_WARN_64_TO_32_BIT_CONVERSION = YES;
				GCC_WARN_ABOUT_RETURN_TYPE = YES_ERROR;
				GCC_WARN_UNDECLARED_SELECTOR = YES;
				GCC_WARN_UNINITIALIZED_AUTOS = YES_AGGRESSIVE;
				GCC_WARN_UNUSED_FUNCTION = YES;
				GCC_WARN_UNUSED_VARIABLE = YES;
				IPHONEOS_DEPLOYMENT_TARGET = 9.0;
				MTL_ENABLE_DEBUG_INFO = YES;
				ONLY_ACTIVE_ARCH = YES;
				SDKROOT = iphoneos;
				SWIFT_OPTIMIZATION_LEVEL = "-Onone";
			};
			name = Debug;
		};
		086DC6721B418FCF00A7BAFF /* Release */ = {
			isa = XCBuildConfiguration;
			buildSettings = {
				ALWAYS_SEARCH_USER_PATHS = NO;
				CLANG_CXX_LANGUAGE_STANDARD = "gnu++0x";
				CLANG_CXX_LIBRARY = "libc++";
				CLANG_ENABLE_MODULES = YES;
				CLANG_ENABLE_OBJC_ARC = YES;
				CLANG_WARN_BOOL_CONVERSION = YES;
				CLANG_WARN_CONSTANT_CONVERSION = YES;
				CLANG_WARN_DIRECT_OBJC_ISA_USAGE = YES_ERROR;
				CLANG_WARN_EMPTY_BODY = YES;
				CLANG_WARN_ENUM_CONVERSION = YES;
				CLANG_WARN_INT_CONVERSION = YES;
				CLANG_WARN_OBJC_ROOT_CLASS = YES_ERROR;
				CLANG_WARN_UNREACHABLE_CODE = YES;
				CLANG_WARN__DUPLICATE_METHOD_MATCH = YES;
				"CODE_SIGN_IDENTITY[sdk=iphoneos*]" = "iPhone Developer";
				COPY_PHASE_STRIP = NO;
				DEBUG_INFORMATION_FORMAT = "dwarf-with-dsym";
				ENABLE_NS_ASSERTIONS = NO;
				ENABLE_STRICT_OBJC_MSGSEND = YES;
				GCC_C_LANGUAGE_STANDARD = gnu99;
				GCC_NO_COMMON_BLOCKS = YES;
				GCC_WARN_64_TO_32_BIT_CONVERSION = YES;
				GCC_WARN_ABOUT_RETURN_TYPE = YES_ERROR;
				GCC_WARN_UNDECLARED_SELECTOR = YES;
				GCC_WARN_UNINITIALIZED_AUTOS = YES_AGGRESSIVE;
				GCC_WARN_UNUSED_FUNCTION = YES;
				GCC_WARN_UNUSED_VARIABLE = YES;
				IPHONEOS_DEPLOYMENT_TARGET = 9.0;
				MTL_ENABLE_DEBUG_INFO = NO;
				SDKROOT = iphoneos;
				VALIDATE_PRODUCT = YES;
			};
			name = Release;
		};
		086DC6741B418FCF00A7BAFF /* Debug */ = {
			isa = XCBuildConfiguration;
			buildSettings = {
				ASSETCATALOG_COMPILER_APPICON_NAME = AppIcon;
				CLANG_ENABLE_MODULES = YES;
				INFOPLIST_FILE = Rehapp/Info.plist;
				LD_RUNPATH_SEARCH_PATHS = "$(inherited) @executable_path/Frameworks";
				PRODUCT_BUNDLE_IDENTIFIER = "TH.$(PRODUCT_NAME:rfc1034identifier)";
				PRODUCT_NAME = "$(TARGET_NAME)";
				SWIFT_OBJC_BRIDGING_HEADER = "Rehapp/Rehapp-Bridging-Header.h";
				SWIFT_OPTIMIZATION_LEVEL = "-Onone";
				TARGETED_DEVICE_FAMILY = "1,2";
			};
			name = Debug;
		};
		086DC6751B418FCF00A7BAFF /* Release */ = {
			isa = XCBuildConfiguration;
			buildSettings = {
				ASSETCATALOG_COMPILER_APPICON_NAME = AppIcon;
				CLANG_ENABLE_MODULES = YES;
				INFOPLIST_FILE = Rehapp/Info.plist;
				LD_RUNPATH_SEARCH_PATHS = "$(inherited) @executable_path/Frameworks";
				PRODUCT_BUNDLE_IDENTIFIER = "TH.$(PRODUCT_NAME:rfc1034identifier)";
				PRODUCT_NAME = "$(TARGET_NAME)";
				SWIFT_OBJC_BRIDGING_HEADER = "Rehapp/Rehapp-Bridging-Header.h";
				TARGETED_DEVICE_FAMILY = "1,2";
			};
			name = Release;
		};
		086DC6771B418FCF00A7BAFF /* Debug */ = {
			isa = XCBuildConfiguration;
			buildSettings = {
				BUNDLE_LOADER = "$(TEST_HOST)";
				FRAMEWORK_SEARCH_PATHS = (
					"$(SDKROOT)/Developer/Library/Frameworks",
					"$(inherited)",
				);
				GCC_PREPROCESSOR_DEFINITIONS = (
					"DEBUG=1",
					"$(inherited)",
				);
				INFOPLIST_FILE = RehappTests/Info.plist;
				LD_RUNPATH_SEARCH_PATHS = "$(inherited) @executable_path/Frameworks @loader_path/Frameworks";
				PRODUCT_BUNDLE_IDENTIFIER = "TH.$(PRODUCT_NAME:rfc1034identifier)";
				PRODUCT_NAME = "$(TARGET_NAME)";
				TEST_HOST = "$(BUILT_PRODUCTS_DIR)/Rehapp.app/Rehapp";
			};
			name = Debug;
		};
		086DC6781B418FCF00A7BAFF /* Release */ = {
			isa = XCBuildConfiguration;
			buildSettings = {
				BUNDLE_LOADER = "$(TEST_HOST)";
				FRAMEWORK_SEARCH_PATHS = (
					"$(SDKROOT)/Developer/Library/Frameworks",
					"$(inherited)",
				);
				INFOPLIST_FILE = RehappTests/Info.plist;
				LD_RUNPATH_SEARCH_PATHS = "$(inherited) @executable_path/Frameworks @loader_path/Frameworks";
				PRODUCT_BUNDLE_IDENTIFIER = "TH.$(PRODUCT_NAME:rfc1034identifier)";
				PRODUCT_NAME = "$(TARGET_NAME)";
				TEST_HOST = "$(BUILT_PRODUCTS_DIR)/Rehapp.app/Rehapp";
			};
			name = Release;
		};
/* End XCBuildConfiguration section */

/* Begin XCConfigurationList section */
		081879711BA732B500DD3CE7 /* Build configuration list for PBXNativeTarget "Rehapp WatchApp Extension" */ = {
			isa = XCConfigurationList;
			buildConfigurations = (
				081879721BA732B500DD3CE7 /* Debug */,
				081879731BA732B500DD3CE7 /* Release */,
			);
			defaultConfigurationIsVisible = 0;
			defaultConfigurationName = Release;
		};
		081879751BA732B500DD3CE7 /* Build configuration list for PBXNativeTarget "Rehapp WatchApp" */ = {
			isa = XCConfigurationList;
			buildConfigurations = (
				081879761BA732B500DD3CE7 /* Debug */,
				081879771BA732B500DD3CE7 /* Release */,
			);
			defaultConfigurationIsVisible = 0;
			defaultConfigurationName = Release;
		};
		086DC64C1B418FCE00A7BAFF /* Build configuration list for PBXProject "Rehapp" */ = {
			isa = XCConfigurationList;
			buildConfigurations = (
				086DC6711B418FCF00A7BAFF /* Debug */,
				086DC6721B418FCF00A7BAFF /* Release */,
			);
			defaultConfigurationIsVisible = 0;
			defaultConfigurationName = Release;
		};
		086DC6731B418FCF00A7BAFF /* Build configuration list for PBXNativeTarget "Rehapp" */ = {
			isa = XCConfigurationList;
			buildConfigurations = (
				086DC6741B418FCF00A7BAFF /* Debug */,
				086DC6751B418FCF00A7BAFF /* Release */,
			);
			defaultConfigurationIsVisible = 0;
			defaultConfigurationName = Release;
		};
		086DC6761B418FCF00A7BAFF /* Build configuration list for PBXNativeTarget "RehappTests" */ = {
			isa = XCConfigurationList;
			buildConfigurations = (
				086DC6771B418FCF00A7BAFF /* Debug */,
				086DC6781B418FCF00A7BAFF /* Release */,
			);
			defaultConfigurationIsVisible = 0;
			defaultConfigurationName = Release;
		};
/* End XCConfigurationList section */

/* Begin XCVersionGroup section */
		086DC6581B418FCE00A7BAFF /* Rehapp.xcdatamodeld */ = {
			isa = XCVersionGroup;
			children = (
				086DC6591B418FCE00A7BAFF /* Rehapp.xcdatamodel */,
			);
			currentVersion = 086DC6591B418FCE00A7BAFF /* Rehapp.xcdatamodel */;
			path = Rehapp.xcdatamodeld;
			sourceTree = "<group>";
			versionGroupType = wrapper.xcdatamodel;
		};
/* End XCVersionGroup section */
	};
	rootObject = 086DC6491B418FCE00A7BAFF /* Project object */;
}
