// !$*UTF8*$!
{
	archiveVersion = 1;
	classes = {
	};
	objectVersion = 46;
	objects = {

/* Begin PBXBuildFile section */
		002AE9121B8B9C4D00E552DE /* Chart.swift in Sources */ = {isa = PBXBuildFile; fileRef = 002AE90F1B8B9C4D00E552DE /* Chart.swift */; };
		002AE9131B8B9C4D00E552DE /* ChartColors.swift in Sources */ = {isa = PBXBuildFile; fileRef = 002AE9101B8B9C4D00E552DE /* ChartColors.swift */; };
		002AE9141B8B9C4D00E552DE /* ChartSeries.swift in Sources */ = {isa = PBXBuildFile; fileRef = 002AE9111B8B9C4D00E552DE /* ChartSeries.swift */; };
		080D95F71B53E2730056EC69 /* SwiftyJSON.swift in Sources */ = {isa = PBXBuildFile; fileRef = 080D95F61B53E2730056EC69 /* SwiftyJSON.swift */; };
		086DC6571B418FCE00A7BAFF /* AppDelegate.swift in Sources */ = {isa = PBXBuildFile; fileRef = 086DC6561B418FCE00A7BAFF /* AppDelegate.swift */; };
		086DC65A1B418FCE00A7BAFF /* Rehapp.xcdatamodeld in Sources */ = {isa = PBXBuildFile; fileRef = 086DC6581B418FCE00A7BAFF /* Rehapp.xcdatamodeld */; };
		086DC65C1B418FCE00A7BAFF /* JumpRecordViewController.swift in Sources */ = {isa = PBXBuildFile; fileRef = 086DC65B1B418FCE00A7BAFF /* JumpRecordViewController.swift */; };
		086DC65F1B418FCE00A7BAFF /* Main.storyboard in Resources */ = {isa = PBXBuildFile; fileRef = 086DC65D1B418FCE00A7BAFF /* Main.storyboard */; };
		086DC6611B418FCE00A7BAFF /* Images.xcassets in Resources */ = {isa = PBXBuildFile; fileRef = 086DC6601B418FCE00A7BAFF /* Images.xcassets */; };
		086DC6641B418FCE00A7BAFF /* LaunchScreen.xib in Resources */ = {isa = PBXBuildFile; fileRef = 086DC6621B418FCE00A7BAFF /* LaunchScreen.xib */; };
		086DC6701B418FCF00A7BAFF /* RehappTests.swift in Sources */ = {isa = PBXBuildFile; fileRef = 086DC66F1B418FCF00A7BAFF /* RehappTests.swift */; };
		086DC6811B419C2500A7BAFF /* BLEDiscovery.m in Sources */ = {isa = PBXBuildFile; fileRef = 086DC67C1B419C2500A7BAFF /* BLEDiscovery.m */; };
		086DC6821B419C2500A7BAFF /* BLEHelper.m in Sources */ = {isa = PBXBuildFile; fileRef = 086DC67E1B419C2500A7BAFF /* BLEHelper.m */; };
		086DC6831B419C2500A7BAFF /* BLEService.m in Sources */ = {isa = PBXBuildFile; fileRef = 086DC6801B419C2500A7BAFF /* BLEService.m */; };
		086DC6861B419D2800A7BAFF /* ArduinoCommunicationManager.swift in Sources */ = {isa = PBXBuildFile; fileRef = 086DC6851B419D2800A7BAFF /* ArduinoCommunicationManager.swift */; };
		086DC6921B41A05C00A7BAFF /* SensorDataDelegate.swift in Sources */ = {isa = PBXBuildFile; fileRef = 086DC6911B41A05C00A7BAFF /* SensorDataDelegate.swift */; };
		086DC6961B41A18500A7BAFF /* SensorData.swift in Sources */ = {isa = PBXBuildFile; fileRef = 086DC6951B41A18500A7BAFF /* SensorData.swift */; };
		086DC69D1B41B18800A7BAFF /* FileHandler.swift in Sources */ = {isa = PBXBuildFile; fileRef = 086DC69C1B41B18800A7BAFF /* FileHandler.swift */; };
		08F6675A1B54309F00E66A4F /* soles.jpg in Resources */ = {isa = PBXBuildFile; fileRef = 08F667591B54309F00E66A4F /* soles.jpg */; };
		08F6675C1B54476800E66A4F /* RecordingsViewController.swift in Sources */ = {isa = PBXBuildFile; fileRef = 08F6675B1B54476800E66A4F /* RecordingsViewController.swift */; };
		08F667601B54FC5600E66A4F /* RecordingDetailViewController.swift in Sources */ = {isa = PBXBuildFile; fileRef = 08F6675F1B54FC5600E66A4F /* RecordingDetailViewController.swift */; };
/* End PBXBuildFile section */

/* Begin PBXContainerItemProxy section */
		086DC66A1B418FCF00A7BAFF /* PBXContainerItemProxy */ = {
			isa = PBXContainerItemProxy;
			containerPortal = 086DC6491B418FCE00A7BAFF /* Project object */;
			proxyType = 1;
			remoteGlobalIDString = 086DC6501B418FCE00A7BAFF;
			remoteInfo = Rehapp;
		};
/* End PBXContainerItemProxy section */

/* Begin PBXFileReference section */
		002AE90F1B8B9C4D00E552DE /* Chart.swift */ = {isa = PBXFileReference; fileEncoding = 4; lastKnownFileType = sourcecode.swift; path = Chart.swift; sourceTree = "<group>"; };
		002AE9101B8B9C4D00E552DE /* ChartColors.swift */ = {isa = PBXFileReference; fileEncoding = 4; lastKnownFileType = sourcecode.swift; path = ChartColors.swift; sourceTree = "<group>"; };
		002AE9111B8B9C4D00E552DE /* ChartSeries.swift */ = {isa = PBXFileReference; fileEncoding = 4; lastKnownFileType = sourcecode.swift; path = ChartSeries.swift; sourceTree = "<group>"; };
		080D95F61B53E2730056EC69 /* SwiftyJSON.swift */ = {isa = PBXFileReference; fileEncoding = 4; lastKnownFileType = sourcecode.swift; path = SwiftyJSON.swift; sourceTree = "<group>"; };
		086DC6511B418FCE00A7BAFF /* Rehapp.app */ = {isa = PBXFileReference; explicitFileType = wrapper.application; includeInIndex = 0; path = Rehapp.app; sourceTree = BUILT_PRODUCTS_DIR; };
		086DC6551B418FCE00A7BAFF /* Info.plist */ = {isa = PBXFileReference; lastKnownFileType = text.plist.xml; path = Info.plist; sourceTree = "<group>"; };
		086DC6561B418FCE00A7BAFF /* AppDelegate.swift */ = {isa = PBXFileReference; lastKnownFileType = sourcecode.swift; path = AppDelegate.swift; sourceTree = "<group>"; };
		086DC6591B418FCE00A7BAFF /* Rehapp.xcdatamodel */ = {isa = PBXFileReference; lastKnownFileType = wrapper.xcdatamodel; path = Rehapp.xcdatamodel; sourceTree = "<group>"; };
		086DC65B1B418FCE00A7BAFF /* JumpRecordViewController.swift */ = {isa = PBXFileReference; lastKnownFileType = sourcecode.swift; path = JumpRecordViewController.swift; sourceTree = "<group>"; };
		086DC65E1B418FCE00A7BAFF /* Base */ = {isa = PBXFileReference; lastKnownFileType = file.storyboard; name = Base; path = Base.lproj/Main.storyboard; sourceTree = "<group>"; };
		086DC6601B418FCE00A7BAFF /* Images.xcassets */ = {isa = PBXFileReference; lastKnownFileType = folder.assetcatalog; path = Images.xcassets; sourceTree = "<group>"; };
		086DC6631B418FCE00A7BAFF /* Base */ = {isa = PBXFileReference; lastKnownFileType = file.xib; name = Base; path = Base.lproj/LaunchScreen.xib; sourceTree = "<group>"; };
		086DC6691B418FCE00A7BAFF /* RehappTests.xctest */ = {isa = PBXFileReference; explicitFileType = wrapper.cfbundle; includeInIndex = 0; path = RehappTests.xctest; sourceTree = BUILT_PRODUCTS_DIR; };
		086DC66E1B418FCF00A7BAFF /* Info.plist */ = {isa = PBXFileReference; lastKnownFileType = text.plist.xml; path = Info.plist; sourceTree = "<group>"; };
		086DC66F1B418FCF00A7BAFF /* RehappTests.swift */ = {isa = PBXFileReference; lastKnownFileType = sourcecode.swift; path = RehappTests.swift; sourceTree = "<group>"; };
		086DC6791B419C2400A7BAFF /* Rehapp-Bridging-Header.h */ = {isa = PBXFileReference; lastKnownFileType = sourcecode.c.h; path = "Rehapp-Bridging-Header.h"; sourceTree = "<group>"; };
		086DC67A1B419C2500A7BAFF /* BLE.h */ = {isa = PBXFileReference; fileEncoding = 4; lastKnownFileType = sourcecode.c.h; path = BLE.h; sourceTree = "<group>"; };
		086DC67B1B419C2500A7BAFF /* BLEDiscovery.h */ = {isa = PBXFileReference; fileEncoding = 4; lastKnownFileType = sourcecode.c.h; path = BLEDiscovery.h; sourceTree = "<group>"; };
		086DC67C1B419C2500A7BAFF /* BLEDiscovery.m */ = {isa = PBXFileReference; fileEncoding = 4; lastKnownFileType = sourcecode.c.objc; path = BLEDiscovery.m; sourceTree = "<group>"; };
		086DC67D1B419C2500A7BAFF /* BLEHelper.h */ = {isa = PBXFileReference; fileEncoding = 4; lastKnownFileType = sourcecode.c.h; path = BLEHelper.h; sourceTree = "<group>"; };
		086DC67E1B419C2500A7BAFF /* BLEHelper.m */ = {isa = PBXFileReference; fileEncoding = 4; lastKnownFileType = sourcecode.c.objc; path = BLEHelper.m; sourceTree = "<group>"; };
		086DC67F1B419C2500A7BAFF /* BLEService.h */ = {isa = PBXFileReference; fileEncoding = 4; lastKnownFileType = sourcecode.c.h; path = BLEService.h; sourceTree = "<group>"; };
		086DC6801B419C2500A7BAFF /* BLEService.m */ = {isa = PBXFileReference; fileEncoding = 4; lastKnownFileType = sourcecode.c.objc; path = BLEService.m; sourceTree = "<group>"; };
		086DC6851B419D2800A7BAFF /* ArduinoCommunicationManager.swift */ = {isa = PBXFileReference; fileEncoding = 4; lastKnownFileType = sourcecode.swift; path = ArduinoCommunicationManager.swift; sourceTree = "<group>"; };
		086DC6911B41A05C00A7BAFF /* SensorDataDelegate.swift */ = {isa = PBXFileReference; fileEncoding = 4; lastKnownFileType = sourcecode.swift; path = SensorDataDelegate.swift; sourceTree = "<group>"; };
		086DC6951B41A18500A7BAFF /* SensorData.swift */ = {isa = PBXFileReference; fileEncoding = 4; lastKnownFileType = sourcecode.swift; path = SensorData.swift; sourceTree = "<group>"; };
		086DC6991B41B16000A7BAFF /* SwiftyJSON.h */ = {isa = PBXFileReference; fileEncoding = 4; lastKnownFileType = sourcecode.c.h; path = SwiftyJSON.h; sourceTree = "<group>"; };
		086DC69C1B41B18800A7BAFF /* FileHandler.swift */ = {isa = PBXFileReference; fileEncoding = 4; lastKnownFileType = sourcecode.swift; path = FileHandler.swift; sourceTree = "<group>"; };
		08F667591B54309F00E66A4F /* soles.jpg */ = {isa = PBXFileReference; lastKnownFileType = image.jpeg; path = soles.jpg; sourceTree = "<group>"; };
		08F6675B1B54476800E66A4F /* RecordingsViewController.swift */ = {isa = PBXFileReference; fileEncoding = 4; lastKnownFileType = sourcecode.swift; path = RecordingsViewController.swift; sourceTree = "<group>"; };
		08F6675F1B54FC5600E66A4F /* RecordingDetailViewController.swift */ = {isa = PBXFileReference; fileEncoding = 4; lastKnownFileType = sourcecode.swift; path = RecordingDetailViewController.swift; sourceTree = "<group>"; };
/* End PBXFileReference section */

/* Begin PBXFrameworksBuildPhase section */
		086DC64E1B418FCE00A7BAFF /* Frameworks */ = {
			isa = PBXFrameworksBuildPhase;
			buildActionMask = 2147483647;
			files = (
			);
			runOnlyForDeploymentPostprocessing = 0;
		};
		086DC6661B418FCE00A7BAFF /* Frameworks */ = {
			isa = PBXFrameworksBuildPhase;
			buildActionMask = 2147483647;
			files = (
			);
			runOnlyForDeploymentPostprocessing = 0;
		};
/* End PBXFrameworksBuildPhase section */

/* Begin PBXGroup section */
		002AE90E1B8B9C4D00E552DE /* Chart */ = {
			isa = PBXGroup;
			children = (
				002AE90F1B8B9C4D00E552DE /* Chart.swift */,
				002AE9101B8B9C4D00E552DE /* ChartColors.swift */,
				002AE9111B8B9C4D00E552DE /* ChartSeries.swift */,
			);
			path = Chart;
			sourceTree = "<group>";
		};
		080D95F41B53B39A0056EC69 /* SwiftyJSON */ = {
			isa = PBXGroup;
			children = (
				086DC6991B41B16000A7BAFF /* SwiftyJSON.h */,
				080D95F61B53E2730056EC69 /* SwiftyJSON.swift */,
			);
			name = SwiftyJSON;
			sourceTree = "<group>";
		};
		080D95F51B53B5FA0056EC69 /* View Controller */ = {
			isa = PBXGroup;
			children = (
				086DC65B1B418FCE00A7BAFF /* JumpRecordViewController.swift */,
				08F6675B1B54476800E66A4F /* RecordingsViewController.swift */,
				08F6675F1B54FC5600E66A4F /* RecordingDetailViewController.swift */,
			);
			name = "View Controller";
			sourceTree = "<group>";
		};
		086DC6481B418FCE00A7BAFF = {
			isa = PBXGroup;
			children = (
				086DC6531B418FCE00A7BAFF /* Rehapp */,
				086DC66C1B418FCF00A7BAFF /* RehappTests */,
				086DC6521B418FCE00A7BAFF /* Products */,
			);
			sourceTree = "<group>";
		};
		086DC6521B418FCE00A7BAFF /* Products */ = {
			isa = PBXGroup;
			children = (
				086DC6511B418FCE00A7BAFF /* Rehapp.app */,
				086DC6691B418FCE00A7BAFF /* RehappTests.xctest */,
			);
			name = Products;
			sourceTree = "<group>";
		};
		086DC6531B418FCE00A7BAFF /* Rehapp */ = {
			isa = PBXGroup;
			children = (
				002AE90E1B8B9C4D00E552DE /* Chart */,
				080D95F41B53B39A0056EC69 /* SwiftyJSON */,
				086DC6841B419C3400A7BAFF /* BLE */,
				086DC6561B418FCE00A7BAFF /* AppDelegate.swift */,
				080D95F51B53B5FA0056EC69 /* View Controller */,
				086DC6851B419D2800A7BAFF /* ArduinoCommunicationManager.swift */,
				086DC6911B41A05C00A7BAFF /* SensorDataDelegate.swift */,
				086DC6951B41A18500A7BAFF /* SensorData.swift */,
				086DC69C1B41B18800A7BAFF /* FileHandler.swift */,
				086DC6601B418FCE00A7BAFF /* Images.xcassets */,
				086DC65D1B418FCE00A7BAFF /* Main.storyboard */,
				086DC6621B418FCE00A7BAFF /* LaunchScreen.xib */,
				086DC6581B418FCE00A7BAFF /* Rehapp.xcdatamodeld */,
				086DC6541B418FCE00A7BAFF /* Supporting Files */,
				086DC6791B419C2400A7BAFF /* Rehapp-Bridging-Header.h */,
			);
			path = Rehapp;
			sourceTree = "<group>";
		};
		086DC6541B418FCE00A7BAFF /* Supporting Files */ = {
			isa = PBXGroup;
			children = (
				08F667591B54309F00E66A4F /* soles.jpg */,
				086DC6551B418FCE00A7BAFF /* Info.plist */,
			);
			name = "Supporting Files";
			sourceTree = "<group>";
		};
		086DC66C1B418FCF00A7BAFF /* RehappTests */ = {
			isa = PBXGroup;
			children = (
				086DC66F1B418FCF00A7BAFF /* RehappTests.swift */,
				086DC66D1B418FCF00A7BAFF /* Supporting Files */,
			);
			path = RehappTests;
			sourceTree = "<group>";
		};
		086DC66D1B418FCF00A7BAFF /* Supporting Files */ = {
			isa = PBXGroup;
			children = (
				086DC66E1B418FCF00A7BAFF /* Info.plist */,
			);
			name = "Supporting Files";
			sourceTree = "<group>";
		};
		086DC6841B419C3400A7BAFF /* BLE */ = {
			isa = PBXGroup;
			children = (
				086DC67A1B419C2500A7BAFF /* BLE.h */,
				086DC67B1B419C2500A7BAFF /* BLEDiscovery.h */,
				086DC67C1B419C2500A7BAFF /* BLEDiscovery.m */,
				086DC67D1B419C2500A7BAFF /* BLEHelper.h */,
				086DC67E1B419C2500A7BAFF /* BLEHelper.m */,
				086DC67F1B419C2500A7BAFF /* BLEService.h */,
				086DC6801B419C2500A7BAFF /* BLEService.m */,
			);
			name = BLE;
			sourceTree = "<group>";
		};
/* End PBXGroup section */

/* Begin PBXNativeTarget section */
		086DC6501B418FCE00A7BAFF /* Rehapp */ = {
			isa = PBXNativeTarget;
			buildConfigurationList = 086DC6731B418FCF00A7BAFF /* Build configuration list for PBXNativeTarget "Rehapp" */;
			buildPhases = (
				086DC64D1B418FCE00A7BAFF /* Sources */,
				086DC64E1B418FCE00A7BAFF /* Frameworks */,
				086DC64F1B418FCE00A7BAFF /* Resources */,
			);
			buildRules = (
			);
			dependencies = (
			);
			name = Rehapp;
			productName = Rehapp;
			productReference = 086DC6511B418FCE00A7BAFF /* Rehapp.app */;
			productType = "com.apple.product-type.application";
		};
		086DC6681B418FCE00A7BAFF /* RehappTests */ = {
			isa = PBXNativeTarget;
			buildConfigurationList = 086DC6761B418FCF00A7BAFF /* Build configuration list for PBXNativeTarget "RehappTests" */;
			buildPhases = (
				086DC6651B418FCE00A7BAFF /* Sources */,
				086DC6661B418FCE00A7BAFF /* Frameworks */,
				086DC6671B418FCE00A7BAFF /* Resources */,
			);
			buildRules = (
			);
			dependencies = (
				086DC66B1B418FCF00A7BAFF /* PBXTargetDependency */,
			);
			name = RehappTests;
			productName = RehappTests;
			productReference = 086DC6691B418FCE00A7BAFF /* RehappTests.xctest */;
			productType = "com.apple.product-type.bundle.unit-test";
		};
/* End PBXNativeTarget section */

/* Begin PBXProject section */
		086DC6491B418FCE00A7BAFF /* Project object */ = {
			isa = PBXProject;
			attributes = {
				LastSwiftMigration = 0700;
				LastSwiftUpdateCheck = 0700;
				LastUpgradeCheck = 0700;
				ORGANIZATIONNAME = "Tim Haug";
				TargetAttributes = {
					086DC6501B418FCE00A7BAFF = {
						CreatedOnToolsVersion = 6.3.2;
					};
					086DC6681B418FCE00A7BAFF = {
						CreatedOnToolsVersion = 6.3.2;
						TestTargetID = 086DC6501B418FCE00A7BAFF;
					};
				};
			};
			buildConfigurationList = 086DC64C1B418FCE00A7BAFF /* Build configuration list for PBXProject "Rehapp" */;
			compatibilityVersion = "Xcode 3.2";
			developmentRegion = English;
			hasScannedForEncodings = 0;
			knownRegions = (
				en,
				Base,
			);
			mainGroup = 086DC6481B418FCE00A7BAFF;
			productRefGroup = 086DC6521B418FCE00A7BAFF /* Products */;
			projectDirPath = "";
			projectRoot = "";
			targets = (
				086DC6501B418FCE00A7BAFF /* Rehapp */,
				086DC6681B418FCE00A7BAFF /* RehappTests */,
			);
		};
/* End PBXProject section */

/* Begin PBXResourcesBuildPhase section */
		086DC64F1B418FCE00A7BAFF /* Resources */ = {
			isa = PBXResourcesBuildPhase;
			buildActionMask = 2147483647;
			files = (
				086DC65F1B418FCE00A7BAFF /* Main.storyboard in Resources */,
				08F6675A1B54309F00E66A4F /* soles.jpg in Resources */,
				086DC6641B418FCE00A7BAFF /* LaunchScreen.xib in Resources */,
				086DC6611B418FCE00A7BAFF /* Images.xcassets in Resources */,
			);
			runOnlyForDeploymentPostprocessing = 0;
		};
		086DC6671B418FCE00A7BAFF /* Resources */ = {
			isa = PBXResourcesBuildPhase;
			buildActionMask = 2147483647;
			files = (
			);
			runOnlyForDeploymentPostprocessing = 0;
		};
/* End PBXResourcesBuildPhase section */

/* Begin PBXSourcesBuildPhase section */
		086DC64D1B418FCE00A7BAFF /* Sources */ = {
			isa = PBXSourcesBuildPhase;
			buildActionMask = 2147483647;
			files = (
				086DC6821B419C2500A7BAFF /* BLEHelper.m in Sources */,
				086DC6811B419C2500A7BAFF /* BLEDiscovery.m in Sources */,
				086DC6921B41A05C00A7BAFF /* SensorDataDelegate.swift in Sources */,
				080D95F71B53E2730056EC69 /* SwiftyJSON.swift in Sources */,
				086DC6861B419D2800A7BAFF /* ArduinoCommunicationManager.swift in Sources */,
				086DC65C1B418FCE00A7BAFF /* JumpRecordViewController.swift in Sources */,
				086DC69D1B41B18800A7BAFF /* FileHandler.swift in Sources */,
				086DC6831B419C2500A7BAFF /* BLEService.m in Sources */,
				002AE9121B8B9C4D00E552DE /* Chart.swift in Sources */,
				002AE9141B8B9C4D00E552DE /* ChartSeries.swift in Sources */,
				08F6675C1B54476800E66A4F /* RecordingsViewController.swift in Sources */,
				08F667601B54FC5600E66A4F /* RecordingDetailViewController.swift in Sources */,
				086DC6571B418FCE00A7BAFF /* AppDelegate.swift in Sources */,
				086DC65A1B418FCE00A7BAFF /* Rehapp.xcdatamodeld in Sources */,
				086DC6961B41A18500A7BAFF /* SensorData.swift in Sources */,
				002AE9131B8B9C4D00E552DE /* ChartColors.swift in Sources */,
			);
			runOnlyForDeploymentPostprocessing = 0;
		};
		086DC6651B418FCE00A7BAFF /* Sources */ = {
			isa = PBXSourcesBuildPhase;
			buildActionMask = 2147483647;
			files = (
				086DC6701B418FCF00A7BAFF /* RehappTests.swift in Sources */,
			);
			runOnlyForDeploymentPostprocessing = 0;
		};
/* End PBXSourcesBuildPhase section */

/* Begin PBXTargetDependency section */
		086DC66B1B418FCF00A7BAFF /* PBXTargetDependency */ = {
			isa = PBXTargetDependency;
			target = 086DC6501B418FCE00A7BAFF /* Rehapp */;
			targetProxy = 086DC66A1B418FCF00A7BAFF /* PBXContainerItemProxy */;
		};
/* End PBXTargetDependency section */

/* Begin PBXVariantGroup section */
		086DC65D1B418FCE00A7BAFF /* Main.storyboard */ = {
			isa = PBXVariantGroup;
			children = (
				086DC65E1B418FCE00A7BAFF /* Base */,
			);
			name = Main.storyboard;
			sourceTree = "<group>";
		};
		086DC6621B418FCE00A7BAFF /* LaunchScreen.xib */ = {
			isa = PBXVariantGroup;
			children = (
				086DC6631B418FCE00A7BAFF /* Base */,
			);
			name = LaunchScreen.xib;
			sourceTree = "<group>";
		};
/* End PBXVariantGroup section */

/* Begin XCBuildConfiguration section */
		086DC6711B418FCF00A7BAFF /* Debug */ = {
			isa = XCBuildConfiguration;
			buildSettings = {
				ALWAYS_SEARCH_USER_PATHS = NO;
				CLANG_CXX_LANGUAGE_STANDARD = "gnu++0x";
				CLANG_CXX_LIBRARY = "libc++";
				CLANG_ENABLE_MODULES = YES;
				CLANG_ENABLE_OBJC_ARC = YES;
				CLANG_WARN_BOOL_CONVERSION = YES;
				CLANG_WARN_CONSTANT_CONVERSION = YES;
				CLANG_WARN_DIRECT_OBJC_ISA_USAGE = YES_ERROR;
				CLANG_WARN_EMPTY_BODY = YES;
				CLANG_WARN_ENUM_CONVERSION = YES;
				CLANG_WARN_INT_CONVERSION = YES;
				CLANG_WARN_OBJC_ROOT_CLASS = YES_ERROR;
				CLANG_WARN_UNREACHABLE_CODE = YES;
				CLANG_WARN__DUPLICATE_METHOD_MATCH = YES;
				"CODE_SIGN_IDENTITY[sdk=iphoneos*]" = "iPhone Developer";
				COPY_PHASE_STRIP = NO;
				DEBUG_INFORMATION_FORMAT = "dwarf-with-dsym";
				ENABLE_STRICT_OBJC_MSGSEND = YES;
				ENABLE_TESTABILITY = YES;
				GCC_C_LANGUAGE_STANDARD = gnu99;
				GCC_DYNAMIC_NO_PIC = NO;
				GCC_NO_COMMON_BLOCKS = YES;
				GCC_OPTIMIZATION_LEVEL = 0;
				GCC_PREPROCESSOR_DEFINITIONS = (
					"DEBUG=1",
					"$(inherited)",
				);
				GCC_SYMBOLS_PRIVATE_EXTERN = NO;
				GCC_WARN_64_TO_32_BIT_CONVERSION = YES;
				GCC_WARN_ABOUT_RETURN_TYPE = YES_ERROR;
				GCC_WARN_UNDECLARED_SELECTOR = YES;
				GCC_WARN_UNINITIALIZED_AUTOS = YES_AGGRESSIVE;
				GCC_WARN_UNUSED_FUNCTION = YES;
				GCC_WARN_UNUSED_VARIABLE = YES;
				IPHONEOS_DEPLOYMENT_TARGET = 9.0;
				MTL_ENABLE_DEBUG_INFO = YES;
				ONLY_ACTIVE_ARCH = YES;
				SDKROOT = iphoneos;
				SWIFT_OPTIMIZATION_LEVEL = "-Onone";
			};
			name = Debug;
		};
		086DC6721B418FCF00A7BAFF /* Release */ = {
			isa = XCBuildConfiguration;
			buildSettings = {
				ALWAYS_SEARCH_USER_PATHS = NO;
				CLANG_CXX_LANGUAGE_STANDARD = "gnu++0x";
				CLANG_CXX_LIBRARY = "libc++";
				CLANG_ENABLE_MODULES = YES;
				CLANG_ENABLE_OBJC_ARC = YES;
				CLANG_WARN_BOOL_CONVERSION = YES;
				CLANG_WARN_CONSTANT_CONVERSION = YES;
				CLANG_WARN_DIRECT_OBJC_ISA_USAGE = YES_ERROR;
				CLANG_WARN_EMPTY_BODY = YES;
				CLANG_WARN_ENUM_CONVERSION = YES;
				CLANG_WARN_INT_CONVERSION = YES;
				CLANG_WARN_OBJC_ROOT_CLASS = YES_ERROR;
				CLANG_WARN_UNREACHABLE_CODE = YES;
				CLANG_WARN__DUPLICATE_METHOD_MATCH = YES;
				"CODE_SIGN_IDENTITY[sdk=iphoneos*]" = "iPhone Developer";
				COPY_PHASE_STRIP = NO;
				DEBUG_INFORMATION_FORMAT = "dwarf-with-dsym";
				ENABLE_NS_ASSERTIONS = NO;
				ENABLE_STRICT_OBJC_MSGSEND = YES;
				GCC_C_LANGUAGE_STANDARD = gnu99;
				GCC_NO_COMMON_BLOCKS = YES;
				GCC_WARN_64_TO_32_BIT_CONVERSION = YES;
				GCC_WARN_ABOUT_RETURN_TYPE = YES_ERROR;
				GCC_WARN_UNDECLARED_SELECTOR = YES;
				GCC_WARN_UNINITIALIZED_AUTOS = YES_AGGRESSIVE;
				GCC_WARN_UNUSED_FUNCTION = YES;
				GCC_WARN_UNUSED_VARIABLE = YES;
				IPHONEOS_DEPLOYMENT_TARGET = 9.0;
				MTL_ENABLE_DEBUG_INFO = NO;
				SDKROOT = iphoneos;
				VALIDATE_PRODUCT = YES;
			};
			name = Release;
		};
		086DC6741B418FCF00A7BAFF /* Debug */ = {
			isa = XCBuildConfiguration;
			buildSettings = {
				ASSETCATALOG_COMPILER_APPICON_NAME = AppIcon;
				CLANG_ENABLE_MODULES = YES;
				INFOPLIST_FILE = Rehapp/Info.plist;
				LD_RUNPATH_SEARCH_PATHS = "$(inherited) @executable_path/Frameworks";
				PRODUCT_BUNDLE_IDENTIFIER = "TH.$(PRODUCT_NAME:rfc1034identifier)";
				PRODUCT_NAME = "$(TARGET_NAME)";
				SWIFT_OBJC_BRIDGING_HEADER = "Rehapp/Rehapp-Bridging-Header.h";
				SWIFT_OPTIMIZATION_LEVEL = "-Onone";
			};
			name = Debug;
		};
		086DC6751B418FCF00A7BAFF /* Release */ = {
			isa = XCBuildConfiguration;
			buildSettings = {
				ASSETCATALOG_COMPILER_APPICON_NAME = AppIcon;
				CLANG_ENABLE_MODULES = YES;
				INFOPLIST_FILE = Rehapp/Info.plist;
				LD_RUNPATH_SEARCH_PATHS = "$(inherited) @executable_path/Frameworks";
				PRODUCT_BUNDLE_IDENTIFIER = "TH.$(PRODUCT_NAME:rfc1034identifier)";
				PRODUCT_NAME = "$(TARGET_NAME)";
				SWIFT_OBJC_BRIDGING_HEADER = "Rehapp/Rehapp-Bridging-Header.h";
			};
			name = Release;
		};
		086DC6771B418FCF00A7BAFF /* Debug */ = {
			isa = XCBuildConfiguration;
			buildSettings = {
				BUNDLE_LOADER = "$(TEST_HOST)";
				FRAMEWORK_SEARCH_PATHS = (
					"$(SDKROOT)/Developer/Library/Frameworks",
					"$(inherited)",
				);
				GCC_PREPROCESSOR_DEFINITIONS = (
					"DEBUG=1",
					"$(inherited)",
				);
				INFOPLIST_FILE = RehappTests/Info.plist;
				LD_RUNPATH_SEARCH_PATHS = "$(inherited) @executable_path/Frameworks @loader_path/Frameworks";
				PRODUCT_BUNDLE_IDENTIFIER = "TH.$(PRODUCT_NAME:rfc1034identifier)";
				PRODUCT_NAME = "$(TARGET_NAME)";
				TEST_HOST = "$(BUILT_PRODUCTS_DIR)/Rehapp.app/Rehapp";
			};
			name = Debug;
		};
		086DC6781B418FCF00A7BAFF /* Release */ = {
			isa = XCBuildConfiguration;
			buildSettings = {
				BUNDLE_LOADER = "$(TEST_HOST)";
				FRAMEWORK_SEARCH_PATHS = (
					"$(SDKROOT)/Developer/Library/Frameworks",
					"$(inherited)",
				);
				INFOPLIST_FILE = RehappTests/Info.plist;
				LD_RUNPATH_SEARCH_PATHS = "$(inherited) @executable_path/Frameworks @loader_path/Frameworks";
				PRODUCT_BUNDLE_IDENTIFIER = "TH.$(PRODUCT_NAME:rfc1034identifier)";
				PRODUCT_NAME = "$(TARGET_NAME)";
				TEST_HOST = "$(BUILT_PRODUCTS_DIR)/Rehapp.app/Rehapp";
			};
			name = Release;
		};
/* End XCBuildConfiguration section */

/* Begin XCConfigurationList section */
		086DC64C1B418FCE00A7BAFF /* Build configuration list for PBXProject "Rehapp" */ = {
			isa = XCConfigurationList;
			buildConfigurations = (
				086DC6711B418FCF00A7BAFF /* Debug */,
				086DC6721B418FCF00A7BAFF /* Release */,
			);
			defaultConfigurationIsVisible = 0;
			defaultConfigurationName = Release;
		};
		086DC6731B418FCF00A7BAFF /* Build configuration list for PBXNativeTarget "Rehapp" */ = {
			isa = XCConfigurationList;
			buildConfigurations = (
				086DC6741B418FCF00A7BAFF /* Debug */,
				086DC6751B418FCF00A7BAFF /* Release */,
			);
			defaultConfigurationIsVisible = 0;
			defaultConfigurationName = Release;
		};
		086DC6761B418FCF00A7BAFF /* Build configuration list for PBXNativeTarget "RehappTests" */ = {
			isa = XCConfigurationList;
			buildConfigurations = (
				086DC6771B418FCF00A7BAFF /* Debug */,
				086DC6781B418FCF00A7BAFF /* Release */,
			);
			defaultConfigurationIsVisible = 0;
			defaultConfigurationName = Release;
		};
/* End XCConfigurationList section */

/* Begin XCVersionGroup section */
		086DC6581B418FCE00A7BAFF /* Rehapp.xcdatamodeld */ = {
			isa = XCVersionGroup;
			children = (
				086DC6591B418FCE00A7BAFF /* Rehapp.xcdatamodel */,
			);
			currentVersion = 086DC6591B418FCE00A7BAFF /* Rehapp.xcdatamodel */;
			path = Rehapp.xcdatamodeld;
			sourceTree = "<group>";
			versionGroupType = wrapper.xcdatamodel;
		};
/* End XCVersionGroup section */
	};
	rootObject = 086DC6491B418FCE00A7BAFF /* Project object */;
}
